
Microsoft Visual Studio Solution File, Format Version 12.00
# Visual Studio Version 16
Project("{8BC9CEB8-8B4A-11D0-8D11-00A0C91BC942}") = "ALL_BUILD", "ALL_BUILD.vcxproj", "{CBC8490E-FC98-3F70-8159-01758107497F}"
	ProjectSection(ProjectDependencies) = postProject
		{09F3E2DD-DC32-3020-B384-DF786F5A36A9} = {09F3E2DD-DC32-3020-B384-DF786F5A36A9}
		{49088C9A-E7CE-3454-8117-C7873002B362} = {49088C9A-E7CE-3454-8117-C7873002B362}
		{C2AEEB34-3F04-3C91-A626-6CEDF5E457A0} = {C2AEEB34-3F04-3C91-A626-6CEDF5E457A0}
		{FEB242AF-D7B6-3F82-8547-EB63FE400BBD} = {FEB242AF-D7B6-3F82-8547-EB63FE400BBD}
		{1E7A920D-DECD-3FCF-AE44-129B49DDD7A6} = {1E7A920D-DECD-3FCF-AE44-129B49DDD7A6}
	EndProjectSection
EndProject
Project("{8BC9CEB8-8B4A-11D0-8D11-00A0C91BC942}") = "ZERO_CHECK", "ZERO_CHECK.vcxproj", "{09F3E2DD-DC32-3020-B384-DF786F5A36A9}"
	ProjectSection(ProjectDependencies) = postProject
	EndProjectSection
EndProject
Project("{8BC9CEB8-8B4A-11D0-8D11-00A0C91BC942}") = "libraries", "libraries.vcxproj", "{49088C9A-E7CE-3454-8117-C7873002B362}"
	ProjectSection(ProjectDependencies) = postProject
		{09F3E2DD-DC32-3020-B384-DF786F5A36A9} = {09F3E2DD-DC32-3020-B384-DF786F5A36A9}
	EndProjectSection
EndProject
Project("{8BC9CEB8-8B4A-11D0-8D11-00A0C91BC942}") = "moteur", "moteur.vcxproj", "{C2AEEB34-3F04-3C91-A626-6CEDF5E457A0}"
	ProjectSection(ProjectDependencies) = postProject
		{09F3E2DD-DC32-3020-B384-DF786F5A36A9} = {09F3E2DD-DC32-3020-B384-DF786F5A36A9}
		{1E7A920D-DECD-3FCF-AE44-129B49DDD7A6} = {1E7A920D-DECD-3FCF-AE44-129B49DDD7A6}
	EndProjectSection
EndProject
Project("{8BC9CEB8-8B4A-11D0-8D11-00A0C91BC942}") = "myexe", "myexe.vcxproj", "{FEB242AF-D7B6-3F82-8547-EB63FE400BBD}"
	ProjectSection(ProjectDependencies) = postProject
		{09F3E2DD-DC32-3020-B384-DF786F5A36A9} = {09F3E2DD-DC32-3020-B384-DF786F5A36A9}
		{49088C9A-E7CE-3454-8117-C7873002B362} = {49088C9A-E7CE-3454-8117-C7873002B362}
		{C2AEEB34-3F04-3C91-A626-6CEDF5E457A0} = {C2AEEB34-3F04-3C91-A626-6CEDF5E457A0}
		{1E7A920D-DECD-3FCF-AE44-129B49DDD7A6} = {1E7A920D-DECD-3FCF-AE44-129B49DDD7A6}
	EndProjectSection
EndProject
Project("{8BC9CEB8-8B4A-11D0-8D11-00A0C91BC942}") = "sensor", "sensor.vcxproj", "{1E7A920D-DECD-3FCF-AE44-129B49DDD7A6}"
	ProjectSection(ProjectDependencies) = postProject
		{09F3E2DD-DC32-3020-B384-DF786F5A36A9} = {09F3E2DD-DC32-3020-B384-DF786F5A36A9}
	EndProjectSection
EndProject
Global
	GlobalSection(SolutionConfigurationPlatforms) = preSolution
		Debug|Win32 = Debug|Win32
		Release|Win32 = Release|Win32
		MinSizeRel|Win32 = MinSizeRel|Win32
		RelWithDebInfo|Win32 = RelWithDebInfo|Win32
	EndGlobalSection
	GlobalSection(ProjectConfigurationPlatforms) = postSolution
		{CBC8490E-FC98-3F70-8159-01758107497F}.Debug|Win32.ActiveCfg = Debug|Win32
		{CBC8490E-FC98-3F70-8159-01758107497F}.Release|Win32.ActiveCfg = Release|Win32
		{CBC8490E-FC98-3F70-8159-01758107497F}.MinSizeRel|Win32.ActiveCfg = MinSizeRel|Win32
		{CBC8490E-FC98-3F70-8159-01758107497F}.RelWithDebInfo|Win32.ActiveCfg = RelWithDebInfo|Win32
		{09F3E2DD-DC32-3020-B384-DF786F5A36A9}.Debug|Win32.ActiveCfg = Debug|Win32
		{09F3E2DD-DC32-3020-B384-DF786F5A36A9}.Debug|Win32.Build.0 = Debug|Win32
		{09F3E2DD-DC32-3020-B384-DF786F5A36A9}.Release|Win32.ActiveCfg = Release|Win32
		{09F3E2DD-DC32-3020-B384-DF786F5A36A9}.Release|Win32.Build.0 = Release|Win32
		{09F3E2DD-DC32-3020-B384-DF786F5A36A9}.MinSizeRel|Win32.ActiveCfg = MinSizeRel|Win32
		{09F3E2DD-DC32-3020-B384-DF786F5A36A9}.MinSizeRel|Win32.Build.0 = MinSizeRel|Win32
		{09F3E2DD-DC32-3020-B384-DF786F5A36A9}.RelWithDebInfo|Win32.ActiveCfg = RelWithDebInfo|Win32
		{09F3E2DD-DC32-3020-B384-DF786F5A36A9}.RelWithDebInfo|Win32.Build.0 = RelWithDebInfo|Win32
		{49088C9A-E7CE-3454-8117-C7873002B362}.Debug|Win32.ActiveCfg = Debug|Win32
		{49088C9A-E7CE-3454-8117-C7873002B362}.Debug|Win32.Build.0 = Debug|Win32
		{49088C9A-E7CE-3454-8117-C7873002B362}.Release|Win32.ActiveCfg = Release|Win32
		{49088C9A-E7CE-3454-8117-C7873002B362}.Release|Win32.Build.0 = Release|Win32
		{49088C9A-E7CE-3454-8117-C7873002B362}.MinSizeRel|Win32.ActiveCfg = MinSizeRel|Win32
		{49088C9A-E7CE-3454-8117-C7873002B362}.MinSizeRel|Win32.Build.0 = MinSizeRel|Win32
		{49088C9A-E7CE-3454-8117-C7873002B362}.RelWithDebInfo|Win32.ActiveCfg = RelWithDebInfo|Win32
		{49088C9A-E7CE-3454-8117-C7873002B362}.RelWithDebInfo|Win32.Build.0 = RelWithDebInfo|Win32
		{C2AEEB34-3F04-3C91-A626-6CEDF5E457A0}.Debug|Win32.ActiveCfg = Debug|Win32
		{C2AEEB34-3F04-3C91-A626-6CEDF5E457A0}.Debug|Win32.Build.0 = Debug|Win32
		{C2AEEB34-3F04-3C91-A626-6CEDF5E457A0}.Release|Win32.ActiveCfg = Release|Win32
		{C2AEEB34-3F04-3C91-A626-6CEDF5E457A0}.Release|Win32.Build.0 = Release|Win32
		{C2AEEB34-3F04-3C91-A626-6CEDF5E457A0}.MinSizeRel|Win32.ActiveCfg = MinSizeRel|Win32
		{C2AEEB34-3F04-3C91-A626-6CEDF5E457A0}.MinSizeRel|Win32.Build.0 = MinSizeRel|Win32
		{C2AEEB34-3F04-3C91-A626-6CEDF5E457A0}.RelWithDebInfo|Win32.ActiveCfg = RelWithDebInfo|Win32
		{C2AEEB34-3F04-3C91-A626-6CEDF5E457A0}.RelWithDebInfo|Win32.Build.0 = RelWithDebInfo|Win32
		{FEB242AF-D7B6-3F82-8547-EB63FE400BBD}.Debug|Win32.ActiveCfg = Debug|Win32
		{FEB242AF-D7B6-3F82-8547-EB63FE400BBD}.Debug|Win32.Build.0 = Debug|Win32
		{FEB242AF-D7B6-3F82-8547-EB63FE400BBD}.Release|Win32.ActiveCfg = Release|Win32
		{FEB242AF-D7B6-3F82-8547-EB63FE400BBD}.Release|Win32.Build.0 = Release|Win32
		{FEB242AF-D7B6-3F82-8547-EB63FE400BBD}.MinSizeRel|Win32.ActiveCfg = MinSizeRel|Win32
		{FEB242AF-D7B6-3F82-8547-EB63FE400BBD}.MinSizeRel|Win32.Build.0 = MinSizeRel|Win32
		{FEB242AF-D7B6-3F82-8547-EB63FE400BBD}.RelWithDebInfo|Win32.ActiveCfg = RelWithDebInfo|Win32
		{FEB242AF-D7B6-3F82-8547-EB63FE400BBD}.RelWithDebInfo|Win32.Build.0 = RelWithDebInfo|Win32
		{1E7A920D-DECD-3FCF-AE44-129B49DDD7A6}.Debug|Win32.ActiveCfg = Debug|Win32
		{1E7A920D-DECD-3FCF-AE44-129B49DDD7A6}.Debug|Win32.Build.0 = Debug|Win32
		{1E7A920D-DECD-3FCF-AE44-129B49DDD7A6}.Release|Win32.ActiveCfg = Release|Win32
		{1E7A920D-DECD-3FCF-AE44-129B49DDD7A6}.Release|Win32.Build.0 = Release|Win32
		{1E7A920D-DECD-3FCF-AE44-129B49DDD7A6}.MinSizeRel|Win32.ActiveCfg = MinSizeRel|Win32
		{1E7A920D-DECD-3FCF-AE44-129B49DDD7A6}.MinSizeRel|Win32.Build.0 = MinSizeRel|Win32
		{1E7A920D-DECD-3FCF-AE44-129B49DDD7A6}.RelWithDebInfo|Win32.ActiveCfg = RelWithDebInfo|Win32
		{1E7A920D-DECD-3FCF-AE44-129B49DDD7A6}.RelWithDebInfo|Win32.Build.0 = RelWithDebInfo|Win32
	EndGlobalSection
	GlobalSection(ExtensibilityGlobals) = postSolution
		SolutionGuid = {6754FAEE-4328-35DB-B8D1-CE06C586C38C}
	EndGlobalSection
	GlobalSection(ExtensibilityAddIns) = postSolution
	EndGlobalSection
EndGlobal
